
Microsoft Visual Studio Solution File, Format Version 12.00
# Visual Studio 2012
Project("{FAE04EC0-301F-11D3-BF4B-00C04F79EFBC}") = "Spoilr", "Spoilr\Spoilr.csproj", "{CBF80EA8-93BD-4E0D-BBA0-6789DFD86577}"
EndProject
Project("{FAE04EC0-301F-11D3-BF4B-00C04F79EFBC}") = "Spoilr.iOS", "iOS\Spoilr.iOS.csproj", "{B6E1ADC9-DF12-4878-B954-857547FF3C3F}"
EndProject
Project("{FAE04EC0-301F-11D3-BF4B-00C04F79EFBC}") = "Spoilr.Droid", "Droid\Spoilr.Droid.csproj", "{F9A54C8F-996F-4F1D-9226-7755042FFBCD}"
EndProject
Global
	GlobalSection(SolutionConfigurationPlatforms) = preSolution
		Debug|Any CPU = Debug|Any CPU
		Release|Any CPU = Release|Any CPU
		Debug|iPhoneSimulator = Debug|iPhoneSimulator
		Release|iPhone = Release|iPhone
		Release|iPhoneSimulator = Release|iPhoneSimulator
		Debug|iPhone = Debug|iPhone
	EndGlobalSection
	GlobalSection(ProjectConfigurationPlatforms) = postSolution
		{B6E1ADC9-DF12-4878-B954-857547FF3C3F}.Debug|Any CPU.ActiveCfg = Debug|iPhoneSimulator
		{B6E1ADC9-DF12-4878-B954-857547FF3C3F}.Debug|Any CPU.Build.0 = Debug|iPhoneSimulator
		{B6E1ADC9-DF12-4878-B954-857547FF3C3F}.Debug|iPhone.ActiveCfg = Debug|iPhone
		{B6E1ADC9-DF12-4878-B954-857547FF3C3F}.Debug|iPhone.Build.0 = Debug|iPhone
		{B6E1ADC9-DF12-4878-B954-857547FF3C3F}.Debug|iPhoneSimulator.ActiveCfg = Debug|iPhoneSimulator
		{B6E1ADC9-DF12-4878-B954-857547FF3C3F}.Debug|iPhoneSimulator.Build.0 = Debug|iPhoneSimulator
		{B6E1ADC9-DF12-4878-B954-857547FF3C3F}.Release|Any CPU.ActiveCfg = Release|iPhone
		{B6E1ADC9-DF12-4878-B954-857547FF3C3F}.Release|Any CPU.Build.0 = Release|iPhone
		{B6E1ADC9-DF12-4878-B954-857547FF3C3F}.Release|iPhone.ActiveCfg = Release|iPhone
		{B6E1ADC9-DF12-4878-B954-857547FF3C3F}.Release|iPhone.Build.0 = Release|iPhone
		{B6E1ADC9-DF12-4878-B954-857547FF3C3F}.Release|iPhoneSimulator.ActiveCfg = Release|iPhoneSimulator
		{B6E1ADC9-DF12-4878-B954-857547FF3C3F}.Release|iPhoneSimulator.Build.0 = Release|iPhoneSimulator
		{CBF80EA8-93BD-4E0D-BBA0-6789DFD86577}.Debug|Any CPU.ActiveCfg = Debug|Any CPU
		{CBF80EA8-93BD-4E0D-BBA0-6789DFD86577}.Debug|Any CPU.Build.0 = Debug|Any CPU
		{CBF80EA8-93BD-4E0D-BBA0-6789DFD86577}.Debug|iPhone.ActiveCfg = Debug|Any CPU
		{CBF80EA8-93BD-4E0D-BBA0-6789DFD86577}.Debug|iPhone.Build.0 = Debug|Any CPU
		{CBF80EA8-93BD-4E0D-BBA0-6789DFD86577}.Debug|iPhoneSimulator.ActiveCfg = Debug|Any CPU
		{CBF80EA8-93BD-4E0D-BBA0-6789DFD86577}.Debug|iPhoneSimulator.Build.0 = Debug|Any CPU
		{CBF80EA8-93BD-4E0D-BBA0-6789DFD86577}.Release|Any CPU.ActiveCfg = Release|Any CPU
		{CBF80EA8-93BD-4E0D-BBA0-6789DFD86577}.Release|Any CPU.Build.0 = Release|Any CPU
		{CBF80EA8-93BD-4E0D-BBA0-6789DFD86577}.Release|iPhone.ActiveCfg = Release|Any CPU
		{CBF80EA8-93BD-4E0D-BBA0-6789DFD86577}.Release|iPhone.Build.0 = Release|Any CPU
		{CBF80EA8-93BD-4E0D-BBA0-6789DFD86577}.Release|iPhoneSimulator.ActiveCfg = Release|Any CPU
		{CBF80EA8-93BD-4E0D-BBA0-6789DFD86577}.Release|iPhoneSimulator.Build.0 = Release|Any CPU
		{F9A54C8F-996F-4F1D-9226-7755042FFBCD}.Debug|Any CPU.ActiveCfg = Debug|Any CPU
		{F9A54C8F-996F-4F1D-9226-7755042FFBCD}.Debug|Any CPU.Build.0 = Debug|Any CPU
		{F9A54C8F-996F-4F1D-9226-7755042FFBCD}.Debug|iPhone.ActiveCfg = Debug|Any CPU
		{F9A54C8F-996F-4F1D-9226-7755042FFBCD}.Debug|iPhone.Build.0 = Debug|Any CPU
		{F9A54C8F-996F-4F1D-9226-7755042FFBCD}.Debug|iPhoneSimulator.ActiveCfg = Debug|Any CPU
		{F9A54C8F-996F-4F1D-9226-7755042FFBCD}.Debug|iPhoneSimulator.Build.0 = Debug|Any CPU
		{F9A54C8F-996F-4F1D-9226-7755042FFBCD}.Release|Any CPU.ActiveCfg = Release|Any CPU
		{F9A54C8F-996F-4F1D-9226-7755042FFBCD}.Release|Any CPU.Build.0 = Release|Any CPU
		{F9A54C8F-996F-4F1D-9226-7755042FFBCD}.Release|iPhone.ActiveCfg = Release|Any CPU
		{F9A54C8F-996F-4F1D-9226-7755042FFBCD}.Release|iPhone.Build.0 = Release|Any CPU
		{F9A54C8F-996F-4F1D-9226-7755042FFBCD}.Release|iPhoneSimulator.ActiveCfg = Release|Any CPU
		{F9A54C8F-996F-4F1D-9226-7755042FFBCD}.Release|iPhoneSimulator.Build.0 = Release|Any CPU
	EndGlobalSection
EndGlobal
